
Microsoft Visual Studio Solution File, Format Version 12.00
# Visual Studio Version 17
VisualStudioVersion = 17.0.31903.59
MinimumVisualStudioVersion = 10.0.40219.1
Project("{2150E333-8FDC-42A3-9474-1A3956D46DE8}") = "src", "src", "{9DB359DF-9296-4961-92C4-B319E962F84A}"
EndProject
Project("{F2A71F9B-5D33-465A-A702-920D77279786}") = "Server", "src\Server\Server.fsproj", "{EFFC0A56-DE5F-4086-9746-155CD511BCA5}"
EndProject
Project("{F2A71F9B-5D33-465A-A702-920D77279786}") = "Model", "src\Model\Model.fsproj", "{9FAC9673-9AE6-44AA-916E-816B1E680E9F}"
EndProject
Project("{F2A71F9B-5D33-465A-A702-920D77279786}") = "Command", "src\Command\Command.fsproj", "{92364549-5D86-488B-9EA7-FE52691CB1B1}"
EndProject
Project("{F2A71F9B-5D33-465A-A702-920D77279786}") = "Application", "src\Application\Application.fsproj", "{11B57940-044C-491D-996E-98F3928F18CC}"
EndProject
Global
	GlobalSection(SolutionConfigurationPlatforms) = preSolution
		Debug|Any CPU = Debug|Any CPU
		Release|Any CPU = Release|Any CPU
	EndGlobalSection
	GlobalSection(SolutionProperties) = preSolution
		HideSolutionNode = FALSE
	EndGlobalSection
	GlobalSection(ProjectConfigurationPlatforms) = postSolution
		{EFFC0A56-DE5F-4086-9746-155CD511BCA5}.Debug|Any CPU.ActiveCfg = Debug|Any CPU
		{EFFC0A56-DE5F-4086-9746-155CD511BCA5}.Debug|Any CPU.Build.0 = Debug|Any CPU
		{EFFC0A56-DE5F-4086-9746-155CD511BCA5}.Release|Any CPU.ActiveCfg = Release|Any CPU
		{EFFC0A56-DE5F-4086-9746-155CD511BCA5}.Release|Any CPU.Build.0 = Release|Any CPU
		{9FAC9673-9AE6-44AA-916E-816B1E680E9F}.Debug|Any CPU.ActiveCfg = Debug|Any CPU
		{9FAC9673-9AE6-44AA-916E-816B1E680E9F}.Debug|Any CPU.Build.0 = Debug|Any CPU
		{9FAC9673-9AE6-44AA-916E-816B1E680E9F}.Release|Any CPU.ActiveCfg = Release|Any CPU
		{9FAC9673-9AE6-44AA-916E-816B1E680E9F}.Release|Any CPU.Build.0 = Release|Any CPU
		{92364549-5D86-488B-9EA7-FE52691CB1B1}.Debug|Any CPU.ActiveCfg = Debug|Any CPU
		{92364549-5D86-488B-9EA7-FE52691CB1B1}.Debug|Any CPU.Build.0 = Debug|Any CPU
		{92364549-5D86-488B-9EA7-FE52691CB1B1}.Release|Any CPU.ActiveCfg = Release|Any CPU
		{92364549-5D86-488B-9EA7-FE52691CB1B1}.Release|Any CPU.Build.0 = Release|Any CPU
		{11B57940-044C-491D-996E-98F3928F18CC}.Debug|Any CPU.ActiveCfg = Debug|Any CPU
		{11B57940-044C-491D-996E-98F3928F18CC}.Debug|Any CPU.Build.0 = Debug|Any CPU
		{11B57940-044C-491D-996E-98F3928F18CC}.Release|Any CPU.ActiveCfg = Release|Any CPU
		{11B57940-044C-491D-996E-98F3928F18CC}.Release|Any CPU.Build.0 = Release|Any CPU
	EndGlobalSection
	GlobalSection(NestedProjects) = preSolution
		{EFFC0A56-DE5F-4086-9746-155CD511BCA5} = {9DB359DF-9296-4961-92C4-B319E962F84A}
		{9FAC9673-9AE6-44AA-916E-816B1E680E9F} = {9DB359DF-9296-4961-92C4-B319E962F84A}
		{92364549-5D86-488B-9EA7-FE52691CB1B1} = {9DB359DF-9296-4961-92C4-B319E962F84A}
		{11B57940-044C-491D-996E-98F3928F18CC} = {9DB359DF-9296-4961-92C4-B319E962F84A}
	EndGlobalSection
EndGlobal
